
Microsoft Visual Studio Solution File, Format Version 12.00
# Visual Studio Version 17
VisualStudioVersion = 17.4.33103.184
MinimumVisualStudioVersion = 10.0.40219.1
Project("{9A19103F-16F7-4668-BE54-9A1E7A4F7556}") = "PIS.DALL", "PIS\PIS.DALL.csproj", "{3D7845DF-7B11-4AB1-852D-584987A61FD0}"
EndProject
Project("{9A19103F-16F7-4668-BE54-9A1E7A4F7556}") = "PIS.Model", "PIS.Model\PIS.Model.csproj", "{E4339BC3-09B1-4AA5-BA21-03E8EFCF5F60}"
EndProject
Project("{9A19103F-16F7-4668-BE54-9A1E7A4F7556}") = "PIS.Repository", "PIS.Repository\PIS.Repository.csproj", "{FB00194A-CF41-453A-81CB-8EAC9A523208}"
EndProject
Project("{9A19103F-16F7-4668-BE54-9A1E7A4F7556}") = "PIS.Repository.Common", "PIS.Repository.Common\PIS.Repository.Common.csproj", "{84A68610-685D-4E59-BAB2-6D3954798AB5}"
EndProject
Project("{9A19103F-16F7-4668-BE54-9A1E7A4F7556}") = "PIS.Service", "PIS.Service\PIS.Service.csproj", "{E201B43C-E4C7-40A9-8E3E-8500A66EF502}"
EndProject
Project("{9A19103F-16F7-4668-BE54-9A1E7A4F7556}") = "PIS.Service.Common", "PIS.Service.Common\PIS.Service.Common.csproj", "{3E479972-6ABF-439B-9584-6F18909E89E6}"
EndProject
Project("{9A19103F-16F7-4668-BE54-9A1E7A4F7556}") = "PIS.WebAPI", "PIS.WebApi\PIS.WebAPI.csproj", "{A6635F94-9F27-4106-A0D6-56C514243777}"
EndProject
Project("{9A19103F-16F7-4668-BE54-9A1E7A4F7556}") = "PIS.Common", "PIS.Common\PIS.Common.csproj", "{BB4B7EFC-E872-4ACC-85C4-05B06132D7A2}"
EndProject
Project("{FAE04EC0-301F-11D3-BF4B-00C04F79EFBC}") = "PIS.DAL", "PIS.DAL\PIS.DAL.csproj", "{E9A2A7D9-5FB2-4C91-8EB6-CD404A5B8605}"
EndProject
Global
	GlobalSection(SolutionConfigurationPlatforms) = preSolution
		Debug|Any CPU = Debug|Any CPU
		Release|Any CPU = Release|Any CPU
	EndGlobalSection
	GlobalSection(ProjectConfigurationPlatforms) = postSolution
		{3D7845DF-7B11-4AB1-852D-584987A61FD0}.Debug|Any CPU.ActiveCfg = Debug|Any CPU
		{3D7845DF-7B11-4AB1-852D-584987A61FD0}.Debug|Any CPU.Build.0 = Debug|Any CPU
		{3D7845DF-7B11-4AB1-852D-584987A61FD0}.Release|Any CPU.ActiveCfg = Release|Any CPU
		{3D7845DF-7B11-4AB1-852D-584987A61FD0}.Release|Any CPU.Build.0 = Release|Any CPU
		{E4339BC3-09B1-4AA5-BA21-03E8EFCF5F60}.Debug|Any CPU.ActiveCfg = Debug|Any CPU
		{E4339BC3-09B1-4AA5-BA21-03E8EFCF5F60}.Debug|Any CPU.Build.0 = Debug|Any CPU
		{E4339BC3-09B1-4AA5-BA21-03E8EFCF5F60}.Release|Any CPU.ActiveCfg = Release|Any CPU
		{E4339BC3-09B1-4AA5-BA21-03E8EFCF5F60}.Release|Any CPU.Build.0 = Release|Any CPU
		{FB00194A-CF41-453A-81CB-8EAC9A523208}.Debug|Any CPU.ActiveCfg = Debug|Any CPU
		{FB00194A-CF41-453A-81CB-8EAC9A523208}.Debug|Any CPU.Build.0 = Debug|Any CPU
		{FB00194A-CF41-453A-81CB-8EAC9A523208}.Release|Any CPU.ActiveCfg = Release|Any CPU
		{FB00194A-CF41-453A-81CB-8EAC9A523208}.Release|Any CPU.Build.0 = Release|Any CPU
		{84A68610-685D-4E59-BAB2-6D3954798AB5}.Debug|Any CPU.ActiveCfg = Debug|Any CPU
		{84A68610-685D-4E59-BAB2-6D3954798AB5}.Debug|Any CPU.Build.0 = Debug|Any CPU
		{84A68610-685D-4E59-BAB2-6D3954798AB5}.Release|Any CPU.ActiveCfg = Release|Any CPU
		{84A68610-685D-4E59-BAB2-6D3954798AB5}.Release|Any CPU.Build.0 = Release|Any CPU
		{E201B43C-E4C7-40A9-8E3E-8500A66EF502}.Debug|Any CPU.ActiveCfg = Debug|Any CPU
		{E201B43C-E4C7-40A9-8E3E-8500A66EF502}.Debug|Any CPU.Build.0 = Debug|Any CPU
		{E201B43C-E4C7-40A9-8E3E-8500A66EF502}.Release|Any CPU.ActiveCfg = Release|Any CPU
		{E201B43C-E4C7-40A9-8E3E-8500A66EF502}.Release|Any CPU.Build.0 = Release|Any CPU
		{3E479972-6ABF-439B-9584-6F18909E89E6}.Debug|Any CPU.ActiveCfg = Debug|Any CPU
		{3E479972-6ABF-439B-9584-6F18909E89E6}.Debug|Any CPU.Build.0 = Debug|Any CPU
		{3E479972-6ABF-439B-9584-6F18909E89E6}.Release|Any CPU.ActiveCfg = Release|Any CPU
		{3E479972-6ABF-439B-9584-6F18909E89E6}.Release|Any CPU.Build.0 = Release|Any CPU
		{A6635F94-9F27-4106-A0D6-56C514243777}.Debug|Any CPU.ActiveCfg = Debug|Any CPU
		{A6635F94-9F27-4106-A0D6-56C514243777}.Debug|Any CPU.Build.0 = Debug|Any CPU
		{A6635F94-9F27-4106-A0D6-56C514243777}.Release|Any CPU.ActiveCfg = Release|Any CPU
		{A6635F94-9F27-4106-A0D6-56C514243777}.Release|Any CPU.Build.0 = Release|Any CPU
		{BB4B7EFC-E872-4ACC-85C4-05B06132D7A2}.Debug|Any CPU.ActiveCfg = Debug|Any CPU
		{BB4B7EFC-E872-4ACC-85C4-05B06132D7A2}.Debug|Any CPU.Build.0 = Debug|Any CPU
		{BB4B7EFC-E872-4ACC-85C4-05B06132D7A2}.Release|Any CPU.ActiveCfg = Release|Any CPU
		{BB4B7EFC-E872-4ACC-85C4-05B06132D7A2}.Release|Any CPU.Build.0 = Release|Any CPU
		{E9A2A7D9-5FB2-4C91-8EB6-CD404A5B8605}.Debug|Any CPU.ActiveCfg = Debug|Any CPU
		{E9A2A7D9-5FB2-4C91-8EB6-CD404A5B8605}.Debug|Any CPU.Build.0 = Debug|Any CPU
		{E9A2A7D9-5FB2-4C91-8EB6-CD404A5B8605}.Release|Any CPU.ActiveCfg = Release|Any CPU
		{E9A2A7D9-5FB2-4C91-8EB6-CD404A5B8605}.Release|Any CPU.Build.0 = Release|Any CPU
	EndGlobalSection
	GlobalSection(SolutionProperties) = preSolution
		HideSolutionNode = FALSE
	EndGlobalSection
	GlobalSection(ExtensibilityGlobals) = postSolution
		SolutionGuid = {DADB68B5-3A8D-4078-89EC-7844FC033AAA}
	EndGlobalSection
EndGlobal
